
Microsoft Visual Studio Solution File, Format Version 12.00
# Visual Studio Version 17
VisualStudioVersion = 17.1.32120.378
MinimumVisualStudioVersion = 10.0.40219.1
Project("{FAE04EC0-301F-11D3-BF4B-00C04F79EFBC}") = "OpenCCSharp.WebApp.Managed", "OpenCCSharp.WebApp.Managed\OpenCCSharp.WebApp.Managed.csproj", "{E740B6CA-282D-40BB-8BE0-AF001BE9C583}"
EndProject
Global
	GlobalSection(SolutionConfigurationPlatforms) = preSolution
		Debug|Any CPU = Debug|Any CPU
		Release|Any CPU = Release|Any CPU
	EndGlobalSection
	GlobalSection(ProjectConfigurationPlatforms) = postSolution
		{E740B6CA-282D-40BB-8BE0-AF001BE9C583}.Debug|Any CPU.ActiveCfg = Debug|Any CPU
		{E740B6CA-282D-40BB-8BE0-AF001BE9C583}.Debug|Any CPU.Build.0 = Debug|Any CPU
		{E740B6CA-282D-40BB-8BE0-AF001BE9C583}.Release|Any CPU.ActiveCfg = Release|Any CPU
		{E740B6CA-282D-40BB-8BE0-AF001BE9C583}.Release|Any CPU.Build.0 = Release|Any CPU
	EndGlobalSection
	GlobalSection(SolutionProperties) = preSolution
		HideSolutionNode = FALSE
	EndGlobalSection
	GlobalSection(ExtensibilityGlobals) = postSolution
		SolutionGuid = {18E2D722-24E1-48E4-B059-181FB066D025}
	EndGlobalSection
EndGlobal
